// !$*UTF8*$!
{
	archiveVersion = 1;
	classes = {
	};
	objectVersion = 50;
	objects = {

/* Begin PBXBuildFile section */
		FA997C51264197D20053796B /* LoginAnimationApp.swift in Sources */ = {isa = PBXBuildFile; fileRef = FA997C50264197D20053796B /* LoginAnimationApp.swift */; };
		FA997C53264197D20053796B /* ContentView.swift in Sources */ = {isa = PBXBuildFile; fileRef = FA997C52264197D20053796B /* ContentView.swift */; };
		FA997C55264197D30053796B /* Assets.xcassets in Resources */ = {isa = PBXBuildFile; fileRef = FA997C54264197D30053796B /* Assets.xcassets */; };
		FA997C58264197D30053796B /* Preview Assets.xcassets in Resources */ = {isa = PBXBuildFile; fileRef = FA997C57264197D30053796B /* Preview Assets.xcassets */; };
		FA997C60264197F60053796B /* Bolt.swift in Sources */ = {isa = PBXBuildFile; fileRef = FA997C5F264197F60053796B /* Bolt.swift */; };
		FA997C62264198470053796B /* Plus.swift in Sources */ = {isa = PBXBuildFile; fileRef = FA997C61264198470053796B /* Plus.swift */; };
		FA997C64264198920053796B /* RoundedTriangle.swift in Sources */ = {isa = PBXBuildFile; fileRef = FA997C63264198920053796B /* RoundedTriangle.swift */; };
		FA997C66264198E10053796B /* ShrinkingPlus.swift in Sources */ = {isa = PBXBuildFile; fileRef = FA997C65264198E10053796B /* ShrinkingPlus.swift */; };
		FA997C682641993A0053796B /* SwiftUIView.swift in Sources */ = {isa = PBXBuildFile; fileRef = FA997C672641993A0053796B /* SwiftUIView.swift */; };
		FA997C6A26419B2C0053796B /* Triangle.swift in Sources */ = {isa = PBXBuildFile; fileRef = FA997C6926419B2C0053796B /* Triangle.swift */; };
/* End PBXBuildFile section */

/* Begin PBXFileReference section */
		FA997C4D264197D20053796B /* LoginAnimation.app */ = {isa = PBXFileReference; explicitFileType = wrapper.application; includeInIndex = 0; path = LoginAnimation.app; sourceTree = BUILT_PRODUCTS_DIR; };
		FA997C50264197D20053796B /* LoginAnimationApp.swift */ = {isa = PBXFileReference; lastKnownFileType = sourcecode.swift; path = LoginAnimationApp.swift; sourceTree = "<group>"; };
		FA997C52264197D20053796B /* ContentView.swift */ = {isa = PBXFileReference; lastKnownFileType = sourcecode.swift; path = ContentView.swift; sourceTree = "<group>"; };
		FA997C54264197D30053796B /* Assets.xcassets */ = {isa = PBXFileReference; lastKnownFileType = folder.assetcatalog; path = Assets.xcassets; sourceTree = "<group>"; };
		FA997C57264197D30053796B /* Preview Assets.xcassets */ = {isa = PBXFileReference; lastKnownFileType = folder.assetcatalog; path = "Preview Assets.xcassets"; sourceTree = "<group>"; };
		FA997C59264197D30053796B /* Info.plist */ = {isa = PBXFileReference; lastKnownFileType = text.plist.xml; path = Info.plist; sourceTree = "<group>"; };
		FA997C5F264197F60053796B /* Bolt.swift */ = {isa = PBXFileReference; lastKnownFileType = sourcecode.swift; path = Bolt.swift; sourceTree = "<group>"; };
		FA997C61264198470053796B /* Plus.swift */ = {isa = PBXFileReference; lastKnownFileType = sourcecode.swift; path = Plus.swift; sourceTree = "<group>"; };
		FA997C63264198920053796B /* RoundedTriangle.swift */ = {isa = PBXFileReference; lastKnownFileType = sourcecode.swift; path = RoundedTriangle.swift; sourceTree = "<group>"; };
		FA997C65264198E10053796B /* ShrinkingPlus.swift */ = {isa = PBXFileReference; lastKnownFileType = sourcecode.swift; path = ShrinkingPlus.swift; sourceTree = "<group>"; };
		FA997C672641993A0053796B /* SwiftUIView.swift */ = {isa = PBXFileReference; lastKnownFileType = sourcecode.swift; path = SwiftUIView.swift; sourceTree = "<group>"; };
		FA997C6926419B2C0053796B /* Triangle.swift */ = {isa = PBXFileReference; lastKnownFileType = sourcecode.swift; path = Triangle.swift; sourceTree = "<group>"; };
/* End PBXFileReference section */

/* Begin PBXFrameworksBuildPhase section */
		FA997C4A264197D20053796B /* Frameworks */ = {
			isa = PBXFrameworksBuildPhase;
			buildActionMask = 2147483647;
			files = (
			);
			runOnlyForDeploymentPostprocessing = 0;
		};
/* End PBXFrameworksBuildPhase section */

/* Begin PBXGroup section */
		FA997C44264197D20053796B = {
			isa = PBXGroup;
			children = (
				FA997C4F264197D20053796B /* LoginAnimation */,
				FA997C4E264197D20053796B /* Products */,
			);
			sourceTree = "<group>";
		};
		FA997C4E264197D20053796B /* Products */ = {
			isa = PBXGroup;
			children = (
				FA997C4D264197D20053796B /* LoginAnimation.app */,
			);
			name = Products;
			sourceTree = "<group>";
		};
		FA997C4F264197D20053796B /* LoginAnimation */ = {
			isa = PBXGroup;
			children = (
				FA997C50264197D20053796B /* LoginAnimationApp.swift */,
				FA997C52264197D20053796B /* ContentView.swift */,
				FA997C54264197D30053796B /* Assets.xcassets */,
				FA997C59264197D30053796B /* Info.plist */,
				FA997C56264197D30053796B /* Preview Content */,
				FA997C5F264197F60053796B /* Bolt.swift */,
				FA997C61264198470053796B /* Plus.swift */,
				FA997C63264198920053796B /* RoundedTriangle.swift */,
				FA997C65264198E10053796B /* ShrinkingPlus.swift */,
				FA997C672641993A0053796B /* SwiftUIView.swift */,
				FA997C6926419B2C0053796B /* Triangle.swift */,
			);
			path = LoginAnimation;
			sourceTree = "<group>";
		};
		FA997C56264197D30053796B /* Preview Content */ = {
			isa = PBXGroup;
			children = (
				FA997C57264197D30053796B /* Preview Assets.xcassets */,
			);
			path = "Preview Content";
			sourceTree = "<group>";
		};
/* End PBXGroup section */

/* Begin PBXNativeTarget section */
		FA997C4C264197D20053796B /* LoginAnimation */ = {
			isa = PBXNativeTarget;
			buildConfigurationList = FA997C5C264197D30053796B /* Build configuration list for PBXNativeTarget "LoginAnimation" */;
			buildPhases = (
				FA997C49264197D20053796B /* Sources */,
				FA997C4A264197D20053796B /* Frameworks */,
				FA997C4B264197D20053796B /* Resources */,
			);
			buildRules = (
			);
			dependencies = (
			);
			name = LoginAnimation;
			productName = LoginAnimation;
			productReference = FA997C4D264197D20053796B /* LoginAnimation.app */;
			productType = "com.apple.product-type.application";
		};
/* End PBXNativeTarget section */

/* Begin PBXProject section */
		FA997C45264197D20053796B /* Project object */ = {
			isa = PBXProject;
			attributes = {
				LastSwiftUpdateCheck = 1250;
				LastUpgradeCheck = 1250;
				TargetAttributes = {
					FA997C4C264197D20053796B = {
						CreatedOnToolsVersion = 12.5;
					};
				};
			};
			buildConfigurationList = FA997C48264197D20053796B /* Build configuration list for PBXProject "LoginAnimation" */;
			compatibilityVersion = "Xcode 9.3";
			developmentRegion = en;
			hasScannedForEncodings = 0;
			knownRegions = (
				en,
				Base,
			);
			mainGroup = FA997C44264197D20053796B;
			productRefGroup = FA997C4E264197D20053796B /* Products */;
			projectDirPath = "";
			projectRoot = "";
			targets = (
				FA997C4C264197D20053796B /* LoginAnimation */,
			);
		};
/* End PBXProject section */

/* Begin PBXResourcesBuildPhase section */
		FA997C4B264197D20053796B /* Resources */ = {
			isa = PBXResourcesBuildPhase;
			buildActionMask = 2147483647;
			files = (
				FA997C58264197D30053796B /* Preview Assets.xcassets in Resources */,
				FA997C55264197D30053796B /* Assets.xcassets in Resources */,
			);
			runOnlyForDeploymentPostprocessing = 0;
		};
/* End PBXResourcesBuildPhase section */

/* Begin PBXSourcesBuildPhase section */
		FA997C49264197D20053796B /* Sources */ = {
			isa = PBXSourcesBuildPhase;
			buildActionMask = 2147483647;
			files = (
				FA997C53264197D20053796B /* ContentView.swift in Sources */,
				FA997C682641993A0053796B /* SwiftUIView.swift in Sources */,
				FA997C62264198470053796B /* Plus.swift in Sources */,
				FA997C51264197D20053796B /* LoginAnimationApp.swift in Sources */,
				FA997C64264198920053796B /* RoundedTriangle.swift in Sources */,
				FA997C60264197F60053796B /* Bolt.swift in Sources */,
				FA997C66264198E10053796B /* ShrinkingPlus.swift in Sources */,
				FA997C6A26419B2C0053796B /* Triangle.swift in Sources */,
			);
			runOnlyForDeploymentPostprocessing = 0;
		};
/* End PBXSourcesBuildPhase section */

/* Begin XCBuildConfiguration section */
		FA997C5A264197D30053796B /* Debug */ = {
			isa = XCBuildConfiguration;
			buildSettings = {
				ALWAYS_SEARCH_USER_PATHS = NO;
				CLANG_ANALYZER_NONNULL = YES;
				CLANG_ANALYZER_NUMBER_OBJECT_CONVERSION = YES_AGGRESSIVE;
				CLANG_CXX_LANGUAGE_STANDARD = "gnu++14";
				CLANG_CXX_LIBRARY = "libc++";
				CLANG_ENABLE_MODULES = YES;
				CLANG_ENABLE_OBJC_ARC = YES;
				CLANG_ENABLE_OBJC_WEAK = YES;
				CLANG_WARN_BLOCK_CAPTURE_AUTORELEASING = YES;
				CLANG_WARN_BOOL_CONVERSION = YES;
				CLANG_WARN_COMMA = YES;
				CLANG_WARN_CONSTANT_CONVERSION = YES;
				CLANG_WARN_DEPRECATED_OBJC_IMPLEMENTATIONS = YES;
				CLANG_WARN_DIRECT_OBJC_ISA_USAGE = YES_ERROR;
				CLANG_WARN_DOCUMENTATION_COMMENTS = YES;
				CLANG_WARN_EMPTY_BODY = YES;
				CLANG_WARN_ENUM_CONVERSION = YES;
				CLANG_WARN_INFINITE_RECURSION = YES;
				CLANG_WARN_INT_CONVERSION = YES;
				CLANG_WARN_NON_LITERAL_NULL_CONVERSION = YES;
				CLANG_WARN_OBJC_IMPLICIT_RETAIN_SELF = YES;
				CLANG_WARN_OBJC_LITERAL_CONVERSION = YES;
				CLANG_WARN_OBJC_ROOT_CLASS = YES_ERROR;
				CLANG_WARN_QUOTED_INCLUDE_IN_FRAMEWORK_HEADER = YES;
				CLANG_WARN_RANGE_LOOP_ANALYSIS = YES;
				CLANG_WARN_STRICT_PROTOTYPES = YES;
				CLANG_WARN_SUSPICIOUS_MOVE = YES;
				CLANG_WARN_UNGUARDED_AVAILABILITY = YES_AGGRESSIVE;
				CLANG_WARN_UNREACHABLE_CODE = YES;
				CLANG_WARN__DUPLICATE_METHOD_MATCH = YES;
				COPY_PHASE_STRIP = NO;
				DEBUG_INFORMATION_FORMAT = dwarf;
				ENABLE_STRICT_OBJC_MSGSEND = YES;
				ENABLE_TESTABILITY = YES;
				GCC_C_LANGUAGE_STANDARD = gnu11;
				GCC_DYNAMIC_NO_PIC = NO;
				GCC_NO_COMMON_BLOCKS = YES;
				GCC_OPTIMIZATION_LEVEL = 0;
				GCC_PREPROCESSOR_DEFINITIONS = (
					"DEBUG=1",
					"$(inherited)",
				);
				GCC_WARN_64_TO_32_BIT_CONVERSION = YES;
				GCC_WARN_ABOUT_RETURN_TYPE = YES_ERROR;
				GCC_WARN_UNDECLARED_SELECTOR = YES;
				GCC_WARN_UNINITIALIZED_AUTOS = YES_AGGRESSIVE;
				GCC_WARN_UNUSED_FUNCTION = YES;
				GCC_WARN_UNUSED_VARIABLE = YES;
				IPHONEOS_DEPLOYMENT_TARGET = 14.5;
				MTL_ENABLE_DEBUG_INFO = INCLUDE_SOURCE;
				MTL_FAST_MATH = YES;
				ONLY_ACTIVE_ARCH = YES;
				SDKROOT = iphoneos;
				SWIFT_ACTIVE_COMPILATION_CONDITIONS = DEBUG;
				SWIFT_OPTIMIZATION_LEVEL = "-Onone";
			};
			name = Debug;
		};
		FA997C5B264197D30053796B /* Release */ = {
			isa = XCBuildConfiguration;
			buildSettings = {
				ALWAYS_SEARCH_USER_PATHS = NO;
				CLANG_ANALYZER_NONNULL = YES;
				CLANG_ANALYZER_NUMBER_OBJECT_CONVERSION = YES_AGGRESSIVE;
				CLANG_CXX_LANGUAGE_STANDARD = "gnu++14";
				CLANG_CXX_LIBRARY = "libc++";
				CLANG_ENABLE_MODULES = YES;
				CLANG_ENABLE_OBJC_ARC = YES;
				CLANG_ENABLE_OBJC_WEAK = YES;
				CLANG_WARN_BLOCK_CAPTURE_AUTORELEASING = YES;
				CLANG_WARN_BOOL_CONVERSION = YES;
				CLANG_WARN_COMMA = YES;
				CLANG_WARN_CONSTANT_CONVERSION = YES;
				CLANG_WARN_DEPRECATED_OBJC_IMPLEMENTATIONS = YES;
				CLANG_WARN_DIRECT_OBJC_ISA_USAGE = YES_ERROR;
				CLANG_WARN_DOCUMENTATION_COMMENTS = YES;
				CLANG_WARN_EMPTY_BODY = YES;
				CLANG_WARN_ENUM_CONVERSION = YES;
				CLANG_WARN_INFINITE_RECURSION = YES;
				CLANG_WARN_INT_CONVERSION = YES;
				CLANG_WARN_NON_LITERAL_NULL_CONVERSION = YES;
				CLANG_WARN_OBJC_IMPLICIT_RETAIN_SELF = YES;
				CLANG_WARN_OBJC_LITERAL_CONVERSION = YES;
				CLANG_WARN_OBJC_ROOT_CLASS = YES_ERROR;
				CLANG_WARN_QUOTED_INCLUDE_IN_FRAMEWORK_HEADER = YES;
				CLANG_WARN_RANGE_LOOP_ANALYSIS = YES;
				CLANG_WARN_STRICT_PROTOTYPES = YES;
				CLANG_WARN_SUSPICIOUS_MOVE = YES;
				CLANG_WARN_UNGUARDED_AVAILABILITY = YES_AGGRESSIVE;
				CLANG_WARN_UNREACHABLE_CODE = YES;
				CLANG_WARN__DUPLICATE_METHOD_MATCH = YES;
				COPY_PHASE_STRIP = NO;
				DEBUG_INFORMATION_FORMAT = "dwarf-with-dsym";
				ENABLE_NS_ASSERTIONS = NO;
				ENABLE_STRICT_OBJC_MSGSEND = YES;
				GCC_C_LANGUAGE_STANDARD = gnu11;
				GCC_NO_COMMON_BLOCKS = YES;
				GCC_WARN_64_TO_32_BIT_CONVERSION = YES;
				GCC_WARN_ABOUT_RETURN_TYPE = YES_ERROR;
				GCC_WARN_UNDECLARED_SELECTOR = YES;
				GCC_WARN_UNINITIALIZED_AUTOS = YES_AGGRESSIVE;
				GCC_WARN_UNUSED_FUNCTION = YES;
				GCC_WARN_UNUSED_VARIABLE = YES;
				IPHONEOS_DEPLOYMENT_TARGET = 14.5;
				MTL_ENABLE_DEBUG_INFO = NO;
				MTL_FAST_MATH = YES;
				SDKROOT = iphoneos;
				SWIFT_COMPILATION_MODE = wholemodule;
				SWIFT_OPTIMIZATION_LEVEL = "-O";
				VALIDATE_PRODUCT = YES;
			};
			name = Release;
		};
		FA997C5D264197D30053796B /* Debug */ = {
			isa = XCBuildConfiguration;
			buildSettings = {
				ASSETCATALOG_COMPILER_APPICON_NAME = AppIcon;
				ASSETCATALOG_COMPILER_GLOBAL_ACCENT_COLOR_NAME = AccentColor;
				CODE_SIGN_STYLE = Automatic;
				DEVELOPMENT_ASSET_PATHS = "\"LoginAnimation/Preview Content\"";
				DEVELOPMENT_TEAM = 933M898TAD;
				ENABLE_PREVIEWS = YES;
				INFOPLIST_FILE = LoginAnimation/Info.plist;
				IPHONEOS_DEPLOYMENT_TARGET = 14.0;
				LD_RUNPATH_SEARCH_PATHS = (
					"$(inherited)",
					"@executable_path/Frameworks",
				);
				PRODUCT_BUNDLE_IDENTIFIER = neri.swiftuiCalculator.LoginAnimation;
				PRODUCT_NAME = "$(TARGET_NAME)";
				SWIFT_VERSION = 5.0;
				TARGETED_DEVICE_FAMILY = "1,2";
			};
			name = Debug;
		};
		FA997C5E264197D30053796B /* Release */ = {
			isa = XCBuildConfiguration;
			buildSettings = {
				ASSETCATALOG_COMPILER_APPICON_NAME = AppIcon;
				ASSETCATALOG_COMPILER_GLOBAL_ACCENT_COLOR_NAME = AccentColor;
				CODE_SIGN_STYLE = Automatic;
				DEVELOPMENT_ASSET_PATHS = "\"LoginAnimation/Preview Content\"";
				DEVELOPMENT_TEAM = 933M898TAD;
				ENABLE_PREVIEWS = YES;
				INFOPLIST_FILE = LoginAnimation/Info.plist;
				IPHONEOS_DEPLOYMENT_TARGET = 14.0;
				LD_RUNPATH_SEARCH_PATHS = (
					"$(inherited)",
					"@executable_path/Frameworks",
				);
				PRODUCT_BUNDLE_IDENTIFIER = neri.swiftuiCalculator.LoginAnimation;
				PRODUCT_NAME = "$(TARGET_NAME)";
				SWIFT_VERSION = 5.0;
				TARGETED_DEVICE_FAMILY = "1,2";
			};
			name = Release;
		};
/* End XCBuildConfiguration section */

/* Begin XCConfigurationList section */
		FA997C48264197D20053796B /* Build configuration list for PBXProject "LoginAnimation" */ = {
			isa = XCConfigurationList;
			buildConfigurations = (
				FA997C5A264197D30053796B /* Debug */,
				FA997C5B264197D30053796B /* Release */,
			);
			defaultConfigurationIsVisible = 0;
			defaultConfigurationName = Release;
		};
		FA997C5C264197D30053796B /* Build configuration list for PBXNativeTarget "LoginAnimation" */ = {
			isa = XCConfigurationList;
			buildConfigurations = (
				FA997C5D264197D30053796B /* Debug */,
				FA997C5E264197D30053796B /* Release */,
			);
			defaultConfigurationIsVisible = 0;
			defaultConfigurationName = Release;
		};
/* End XCConfigurationList section */
	};
	rootObject = FA997C45264197D20053796B /* Project object */;
}
